
Microsoft Visual Studio Solution File, Format Version 12.00
# Visual Studio Version 17
VisualStudioVersion = 17.13.35806.99 d17.13
MinimumVisualStudioVersion = 10.0.40219.1
Project("{FAE04EC0-301F-11D3-BF4B-00C04F79EFBC}") = "SPCWEBAPI", "SPCWEBAPI\SPCWEBAPI.csproj", "{B2B4D2F6-1A51-4AF3-A47A-8B4D151D2BAD}"
EndProject
Global
	GlobalSection(SolutionConfigurationPlatforms) = preSolution
		Debug|Any CPU = Debug|Any CPU
		Release|Any CPU = Release|Any CPU
	EndGlobalSection
	GlobalSection(ProjectConfigurationPlatforms) = postSolution
		{B2B4D2F6-1A51-4AF3-A47A-8B4D151D2BAD}.Debug|Any CPU.ActiveCfg = Debug|Any CPU
		{B2B4D2F6-1A51-4AF3-A47A-8B4D151D2BAD}.Debug|Any CPU.Build.0 = Debug|Any CPU
		{B2B4D2F6-1A51-4AF3-A47A-8B4D151D2BAD}.Release|Any CPU.ActiveCfg = Release|Any CPU
		{B2B4D2F6-1A51-4AF3-A47A-8B4D151D2BAD}.Release|Any CPU.Build.0 = Release|Any CPU
	EndGlobalSection
	GlobalSection(SolutionProperties) = preSolution
		HideSolutionNode = FALSE
	EndGlobalSection
	GlobalSection(ExtensibilityGlobals) = postSolution
		SolutionGuid = {5806EE89-0857-495F-96C9-75BB77FF5EF5}
	EndGlobalSection
EndGlobal
